
Microsoft Visual Studio Solution File, Format Version 12.00
# Visual Studio Version 17
VisualStudioVersion = 17.1.32210.238
MinimumVisualStudioVersion = 10.0.40219.1
Project("{FAE04EC0-301F-11D3-BF4B-00C04F79EFBC}") = "AppDiplomVasilenkoTepaykim", "AppDiplomVasilenkoTepaykim\AppDiplomVasilenkoTepaykim.csproj", "{6D54343A-458F-4407-9597-66D46467A56C}"
EndProject
Global
	GlobalSection(SolutionConfigurationPlatforms) = preSolution
		Debug|Any CPU = Debug|Any CPU
		Release|Any CPU = Release|Any CPU
	EndGlobalSection
	GlobalSection(ProjectConfigurationPlatforms) = postSolution
		{6D54343A-458F-4407-9597-66D46467A56C}.Debug|Any CPU.ActiveCfg = Debug|Any CPU
		{6D54343A-458F-4407-9597-66D46467A56C}.Debug|Any CPU.Build.0 = Debug|Any CPU
		{6D54343A-458F-4407-9597-66D46467A56C}.Release|Any CPU.ActiveCfg = Release|Any CPU
		{6D54343A-458F-4407-9597-66D46467A56C}.Release|Any CPU.Build.0 = Release|Any CPU
	EndGlobalSection
	GlobalSection(SolutionProperties) = preSolution
		HideSolutionNode = FALSE
	EndGlobalSection
	GlobalSection(ExtensibilityGlobals) = postSolution
		SolutionGuid = {0793D41B-4EE3-48DA-B0AA-EC652B780F0F}
	EndGlobalSection
EndGlobal
